// !$*UTF8*$!
{
	archiveVersion = 1;
	classes = {
	};
	objectVersion = 56;
	objects = {

/* Begin PBXBuildFile section */
		EDA1F8892B88DBB30087E2E6 /* flirtopiaApp.swift in Sources */ = {isa = PBXBuildFile; fileRef = EDA1F8882B88DBB30087E2E6 /* flirtopiaApp.swift */; };
		EDA1F88B2B88DBB30087E2E6 /* ContentView.swift in Sources */ = {isa = PBXBuildFile; fileRef = EDA1F88A2B88DBB30087E2E6 /* ContentView.swift */; };
		EDA1F88D2B88DBB40087E2E6 /* Assets.xcassets in Resources */ = {isa = PBXBuildFile; fileRef = EDA1F88C2B88DBB40087E2E6 /* Assets.xcassets */; };
		EDA1F8902B88DBB40087E2E6 /* Preview Assets.xcassets in Resources */ = {isa = PBXBuildFile; fileRef = EDA1F88F2B88DBB40087E2E6 /* Preview Assets.xcassets */; };
		EDA1F8992B88E0BE0087E2E6 /* LoginView.swift in Sources */ = {isa = PBXBuildFile; fileRef = EDA1F8982B88E0BE0087E2E6 /* LoginView.swift */; };
		EDA1F89B2B88E1050087E2E6 /* LoginTextField.swift in Sources */ = {isa = PBXBuildFile; fileRef = EDA1F89A2B88E1050087E2E6 /* LoginTextField.swift */; };
		EDA1F89E2B88E8970087E2E6 /* SignupView.swift in Sources */ = {isa = PBXBuildFile; fileRef = EDA1F89D2B88E8970087E2E6 /* SignupView.swift */; };
		EDA1F8A12B88F0F70087E2E6 /* LogoFlirtopia.swift in Sources */ = {isa = PBXBuildFile; fileRef = EDA1F8A02B88F0F70087E2E6 /* LogoFlirtopia.swift */; };
		EDA1F8A32B88F1410087E2E6 /* LoginButton.swift in Sources */ = {isa = PBXBuildFile; fileRef = EDA1F8A22B88F1410087E2E6 /* LoginButton.swift */; };
		EDA1F8A52B88F1850087E2E6 /* LoginViewModel.swift in Sources */ = {isa = PBXBuildFile; fileRef = EDA1F8A42B88F1850087E2E6 /* LoginViewModel.swift */; };
		EDA1F8A72B88F2AE0087E2E6 /* LoginButtonSeparator.swift in Sources */ = {isa = PBXBuildFile; fileRef = EDA1F8A62B88F2AE0087E2E6 /* LoginButtonSeparator.swift */; };
		EDA1F8A92B88F2D60087E2E6 /* ButtonSignup.swift in Sources */ = {isa = PBXBuildFile; fileRef = EDA1F8A82B88F2D60087E2E6 /* ButtonSignup.swift */; };
		EDA1F8AC2B88F46A0087E2E6 /* Color.swift in Sources */ = {isa = PBXBuildFile; fileRef = EDA1F8AB2B88F46A0087E2E6 /* Color.swift */; };
		EDA1F8AF2B88F5880087E2E6 /* SignupTextField.swift in Sources */ = {isa = PBXBuildFile; fileRef = EDA1F8AE2B88F5880087E2E6 /* SignupTextField.swift */; };
		EDA1F8B12B88F7240087E2E6 /* SignupViewModel.swift in Sources */ = {isa = PBXBuildFile; fileRef = EDA1F8B02B88F7240087E2E6 /* SignupViewModel.swift */; };
		EDA1F8B32B88F84C0087E2E6 /* SignupButton.swift in Sources */ = {isa = PBXBuildFile; fileRef = EDA1F8B22B88F84C0087E2E6 /* SignupButton.swift */; };
		EDA1F8B62B8940760087E2E6 /* KeychainManager.swift in Sources */ = {isa = PBXBuildFile; fileRef = EDA1F8B52B8940760087E2E6 /* KeychainManager.swift */; };
		EDA1F8B92B8946320087E2E6 /* BirthView.swift in Sources */ = {isa = PBXBuildFile; fileRef = EDA1F8B82B8946320087E2E6 /* BirthView.swift */; };
		EDA1F8BC2B8959F70087E2E6 /* GenderView.swift in Sources */ = {isa = PBXBuildFile; fileRef = EDA1F8BB2B8959F70087E2E6 /* GenderView.swift */; };
		EDA1F8BE2B895E0B0087E2E6 /* BirthViewModel.swift in Sources */ = {isa = PBXBuildFile; fileRef = EDA1F8BD2B895E0B0087E2E6 /* BirthViewModel.swift */; };
		EDA1F8C02B896C770087E2E6 /* LoginSecureField.swift in Sources */ = {isa = PBXBuildFile; fileRef = EDA1F8BF2B896C770087E2E6 /* LoginSecureField.swift */; };
		EDA1F8C22B896D0F0087E2E6 /* SignupSecureField.swift in Sources */ = {isa = PBXBuildFile; fileRef = EDA1F8C12B896D0F0087E2E6 /* SignupSecureField.swift */; };
/* End PBXBuildFile section */

/* Begin PBXFileReference section */
		EDA1F8852B88DBB30087E2E6 /* flirtopia.app */ = {isa = PBXFileReference; explicitFileType = wrapper.application; includeInIndex = 0; path = flirtopia.app; sourceTree = BUILT_PRODUCTS_DIR; };
		EDA1F8882B88DBB30087E2E6 /* flirtopiaApp.swift */ = {isa = PBXFileReference; lastKnownFileType = sourcecode.swift; path = flirtopiaApp.swift; sourceTree = "<group>"; };
		EDA1F88A2B88DBB30087E2E6 /* ContentView.swift */ = {isa = PBXFileReference; lastKnownFileType = sourcecode.swift; path = ContentView.swift; sourceTree = "<group>"; };
		EDA1F88C2B88DBB40087E2E6 /* Assets.xcassets */ = {isa = PBXFileReference; lastKnownFileType = folder.assetcatalog; path = Assets.xcassets; sourceTree = "<group>"; };
		EDA1F88F2B88DBB40087E2E6 /* Preview Assets.xcassets */ = {isa = PBXFileReference; lastKnownFileType = folder.assetcatalog; path = "Preview Assets.xcassets"; sourceTree = "<group>"; };
		EDA1F8982B88E0BE0087E2E6 /* LoginView.swift */ = {isa = PBXFileReference; lastKnownFileType = sourcecode.swift; path = LoginView.swift; sourceTree = "<group>"; };
		EDA1F89A2B88E1050087E2E6 /* LoginTextField.swift */ = {isa = PBXFileReference; lastKnownFileType = sourcecode.swift; path = LoginTextField.swift; sourceTree = "<group>"; };
		EDA1F89D2B88E8970087E2E6 /* SignupView.swift */ = {isa = PBXFileReference; lastKnownFileType = sourcecode.swift; path = SignupView.swift; sourceTree = "<group>"; };
		EDA1F8A02B88F0F70087E2E6 /* LogoFlirtopia.swift */ = {isa = PBXFileReference; lastKnownFileType = sourcecode.swift; path = LogoFlirtopia.swift; sourceTree = "<group>"; };
		EDA1F8A22B88F1410087E2E6 /* LoginButton.swift */ = {isa = PBXFileReference; lastKnownFileType = sourcecode.swift; path = LoginButton.swift; sourceTree = "<group>"; };
		EDA1F8A42B88F1850087E2E6 /* LoginViewModel.swift */ = {isa = PBXFileReference; lastKnownFileType = sourcecode.swift; path = LoginViewModel.swift; sourceTree = "<group>"; };
		EDA1F8A62B88F2AE0087E2E6 /* LoginButtonSeparator.swift */ = {isa = PBXFileReference; lastKnownFileType = sourcecode.swift; path = LoginButtonSeparator.swift; sourceTree = "<group>"; };
		EDA1F8A82B88F2D60087E2E6 /* ButtonSignup.swift */ = {isa = PBXFileReference; lastKnownFileType = sourcecode.swift; path = ButtonSignup.swift; sourceTree = "<group>"; };
		EDA1F8AB2B88F46A0087E2E6 /* Color.swift */ = {isa = PBXFileReference; lastKnownFileType = sourcecode.swift; path = Color.swift; sourceTree = "<group>"; };
		EDA1F8AE2B88F5880087E2E6 /* SignupTextField.swift */ = {isa = PBXFileReference; lastKnownFileType = sourcecode.swift; path = SignupTextField.swift; sourceTree = "<group>"; };
		EDA1F8B02B88F7240087E2E6 /* SignupViewModel.swift */ = {isa = PBXFileReference; lastKnownFileType = sourcecode.swift; path = SignupViewModel.swift; sourceTree = "<group>"; };
		EDA1F8B22B88F84C0087E2E6 /* SignupButton.swift */ = {isa = PBXFileReference; lastKnownFileType = sourcecode.swift; path = SignupButton.swift; sourceTree = "<group>"; };
		EDA1F8B52B8940760087E2E6 /* KeychainManager.swift */ = {isa = PBXFileReference; lastKnownFileType = sourcecode.swift; path = KeychainManager.swift; sourceTree = "<group>"; };
		EDA1F8B82B8946320087E2E6 /* BirthView.swift */ = {isa = PBXFileReference; lastKnownFileType = sourcecode.swift; path = BirthView.swift; sourceTree = "<group>"; };
		EDA1F8BB2B8959F70087E2E6 /* GenderView.swift */ = {isa = PBXFileReference; lastKnownFileType = sourcecode.swift; path = GenderView.swift; sourceTree = "<group>"; };
		EDA1F8BD2B895E0B0087E2E6 /* BirthViewModel.swift */ = {isa = PBXFileReference; lastKnownFileType = sourcecode.swift; path = BirthViewModel.swift; sourceTree = "<group>"; };
		EDA1F8BF2B896C770087E2E6 /* LoginSecureField.swift */ = {isa = PBXFileReference; lastKnownFileType = sourcecode.swift; path = LoginSecureField.swift; sourceTree = "<group>"; };
		EDA1F8C12B896D0F0087E2E6 /* SignupSecureField.swift */ = {isa = PBXFileReference; lastKnownFileType = sourcecode.swift; path = SignupSecureField.swift; sourceTree = "<group>"; };
/* End PBXFileReference section */

/* Begin PBXFrameworksBuildPhase section */
		EDA1F8822B88DBB30087E2E6 /* Frameworks */ = {
			isa = PBXFrameworksBuildPhase;
			buildActionMask = 2147483647;
			files = (
			);
			runOnlyForDeploymentPostprocessing = 0;
		};
/* End PBXFrameworksBuildPhase section */

/* Begin PBXGroup section */
		EDA1F87C2B88DBB30087E2E6 = {
			isa = PBXGroup;
			children = (
				EDA1F8872B88DBB30087E2E6 /* flirtopia */,
				EDA1F8862B88DBB30087E2E6 /* Products */,
			);
			sourceTree = "<group>";
		};
		EDA1F8862B88DBB30087E2E6 /* Products */ = {
			isa = PBXGroup;
			children = (
				EDA1F8852B88DBB30087E2E6 /* flirtopia.app */,
			);
			name = Products;
			sourceTree = "<group>";
		};
		EDA1F8872B88DBB30087E2E6 /* flirtopia */ = {
			isa = PBXGroup;
			children = (
				EDA1F8B42B8940630087E2E6 /* Helpers */,
				EDA1F8AA2B88F45B0087E2E6 /* Extensions */,
				EDA1F8962B88E0960087E2E6 /* Views */,
				EDA1F8882B88DBB30087E2E6 /* flirtopiaApp.swift */,
				EDA1F88A2B88DBB30087E2E6 /* ContentView.swift */,
				EDA1F88C2B88DBB40087E2E6 /* Assets.xcassets */,
				EDA1F88E2B88DBB40087E2E6 /* Preview Content */,
			);
			path = flirtopia;
			sourceTree = "<group>";
		};
		EDA1F88E2B88DBB40087E2E6 /* Preview Content */ = {
			isa = PBXGroup;
			children = (
				EDA1F88F2B88DBB40087E2E6 /* Preview Assets.xcassets */,
			);
			path = "Preview Content";
			sourceTree = "<group>";
		};
		EDA1F8962B88E0960087E2E6 /* Views */ = {
			isa = PBXGroup;
			children = (
				EDA1F8BA2B8959EC0087E2E6 /* Gender */,
				EDA1F8B72B8946240087E2E6 /* Birth */,
				EDA1F89C2B88E88A0087E2E6 /* Signup */,
				EDA1F8972B88E0A90087E2E6 /* Login */,
			);
			path = Views;
			sourceTree = "<group>";
		};
		EDA1F8972B88E0A90087E2E6 /* Login */ = {
			isa = PBXGroup;
			children = (
				EDA1F89F2B88F0CC0087E2E6 /* Components */,
				EDA1F8982B88E0BE0087E2E6 /* LoginView.swift */,
				EDA1F8A42B88F1850087E2E6 /* LoginViewModel.swift */,
			);
			path = Login;
			sourceTree = "<group>";
		};
		EDA1F89C2B88E88A0087E2E6 /* Signup */ = {
			isa = PBXGroup;
			children = (
				EDA1F8AD2B88F5720087E2E6 /* Components */,
				EDA1F89D2B88E8970087E2E6 /* SignupView.swift */,
				EDA1F8B02B88F7240087E2E6 /* SignupViewModel.swift */,
			);
			path = Signup;
			sourceTree = "<group>";
		};
		EDA1F89F2B88F0CC0087E2E6 /* Components */ = {
			isa = PBXGroup;
			children = (
				EDA1F89A2B88E1050087E2E6 /* LoginTextField.swift */,
				EDA1F8A02B88F0F70087E2E6 /* LogoFlirtopia.swift */,
				EDA1F8A22B88F1410087E2E6 /* LoginButton.swift */,
				EDA1F8A62B88F2AE0087E2E6 /* LoginButtonSeparator.swift */,
				EDA1F8A82B88F2D60087E2E6 /* ButtonSignup.swift */,
				EDA1F8BF2B896C770087E2E6 /* LoginSecureField.swift */,
			);
			path = Components;
			sourceTree = "<group>";
		};
		EDA1F8AA2B88F45B0087E2E6 /* Extensions */ = {
			isa = PBXGroup;
			children = (
				EDA1F8AB2B88F46A0087E2E6 /* Color.swift */,
			);
			path = Extensions;
			sourceTree = "<group>";
		};
		EDA1F8AD2B88F5720087E2E6 /* Components */ = {
			isa = PBXGroup;
			children = (
				EDA1F8AE2B88F5880087E2E6 /* SignupTextField.swift */,
				EDA1F8B22B88F84C0087E2E6 /* SignupButton.swift */,
				EDA1F8C12B896D0F0087E2E6 /* SignupSecureField.swift */,
			);
			path = Components;
			sourceTree = "<group>";
		};
		EDA1F8B42B8940630087E2E6 /* Helpers */ = {
			isa = PBXGroup;
			children = (
				EDA1F8B52B8940760087E2E6 /* KeychainManager.swift */,
			);
			path = Helpers;
			sourceTree = "<group>";
		};
		EDA1F8B72B8946240087E2E6 /* Birth */ = {
			isa = PBXGroup;
			children = (
				EDA1F8B82B8946320087E2E6 /* BirthView.swift */,
				EDA1F8BD2B895E0B0087E2E6 /* BirthViewModel.swift */,
			);
			path = Birth;
			sourceTree = "<group>";
		};
		EDA1F8BA2B8959EC0087E2E6 /* Gender */ = {
			isa = PBXGroup;
			children = (
				EDA1F8BB2B8959F70087E2E6 /* GenderView.swift */,
			);
			path = Gender;
			sourceTree = "<group>";
		};
/* End PBXGroup section */

/* Begin PBXNativeTarget section */
		EDA1F8842B88DBB30087E2E6 /* flirtopia */ = {
			isa = PBXNativeTarget;
			buildConfigurationList = EDA1F8932B88DBB40087E2E6 /* Build configuration list for PBXNativeTarget "flirtopia" */;
			buildPhases = (
				EDA1F8812B88DBB30087E2E6 /* Sources */,
				EDA1F8822B88DBB30087E2E6 /* Frameworks */,
				EDA1F8832B88DBB30087E2E6 /* Resources */,
			);
			buildRules = (
			);
			dependencies = (
			);
			name = flirtopia;
			productName = flirtopia;
			productReference = EDA1F8852B88DBB30087E2E6 /* flirtopia.app */;
			productType = "com.apple.product-type.application";
		};
/* End PBXNativeTarget section */

/* Begin PBXProject section */
		EDA1F87D2B88DBB30087E2E6 /* Project object */ = {
			isa = PBXProject;
			attributes = {
				BuildIndependentTargetsInParallel = 1;
				LastSwiftUpdateCheck = 1520;
				LastUpgradeCheck = 1520;
				TargetAttributes = {
					EDA1F8842B88DBB30087E2E6 = {
						CreatedOnToolsVersion = 15.2;
					};
				};
			};
			buildConfigurationList = EDA1F8802B88DBB30087E2E6 /* Build configuration list for PBXProject "flirtopia" */;
			compatibilityVersion = "Xcode 14.0";
			developmentRegion = en;
			hasScannedForEncodings = 0;
			knownRegions = (
				en,
				Base,
			);
			mainGroup = EDA1F87C2B88DBB30087E2E6;
			productRefGroup = EDA1F8862B88DBB30087E2E6 /* Products */;
			projectDirPath = "";
			projectRoot = "";
			targets = (
				EDA1F8842B88DBB30087E2E6 /* flirtopia */,
			);
		};
/* End PBXProject section */

/* Begin PBXResourcesBuildPhase section */
		EDA1F8832B88DBB30087E2E6 /* Resources */ = {
			isa = PBXResourcesBuildPhase;
			buildActionMask = 2147483647;
			files = (
				EDA1F8902B88DBB40087E2E6 /* Preview Assets.xcassets in Resources */,
				EDA1F88D2B88DBB40087E2E6 /* Assets.xcassets in Resources */,
			);
			runOnlyForDeploymentPostprocessing = 0;
		};
/* End PBXResourcesBuildPhase section */

/* Begin PBXSourcesBuildPhase section */
		EDA1F8812B88DBB30087E2E6 /* Sources */ = {
			isa = PBXSourcesBuildPhase;
			buildActionMask = 2147483647;
			files = (
				EDA1F8BC2B8959F70087E2E6 /* GenderView.swift in Sources */,
				EDA1F8992B88E0BE0087E2E6 /* LoginView.swift in Sources */,
				EDA1F89B2B88E1050087E2E6 /* LoginTextField.swift in Sources */,
				EDA1F8AC2B88F46A0087E2E6 /* Color.swift in Sources */,
				EDA1F88B2B88DBB30087E2E6 /* ContentView.swift in Sources */,
				EDA1F8A12B88F0F70087E2E6 /* LogoFlirtopia.swift in Sources */,
				EDA1F8A52B88F1850087E2E6 /* LoginViewModel.swift in Sources */,
				EDA1F8A32B88F1410087E2E6 /* LoginButton.swift in Sources */,
				EDA1F8B12B88F7240087E2E6 /* SignupViewModel.swift in Sources */,
				EDA1F8892B88DBB30087E2E6 /* flirtopiaApp.swift in Sources */,
				EDA1F8A72B88F2AE0087E2E6 /* LoginButtonSeparator.swift in Sources */,
				EDA1F89E2B88E8970087E2E6 /* SignupView.swift in Sources */,
				EDA1F8BE2B895E0B0087E2E6 /* BirthViewModel.swift in Sources */,
				EDA1F8A92B88F2D60087E2E6 /* ButtonSignup.swift in Sources */,
				EDA1F8C02B896C770087E2E6 /* LoginSecureField.swift in Sources */,
				EDA1F8C22B896D0F0087E2E6 /* SignupSecureField.swift in Sources */,
				EDA1F8AF2B88F5880087E2E6 /* SignupTextField.swift in Sources */,
				EDA1F8B32B88F84C0087E2E6 /* SignupButton.swift in Sources */,
				EDA1F8B92B8946320087E2E6 /* BirthView.swift in Sources */,
				EDA1F8B62B8940760087E2E6 /* KeychainManager.swift in Sources */,
			);
			runOnlyForDeploymentPostprocessing = 0;
		};
/* End PBXSourcesBuildPhase section */

/* Begin XCBuildConfiguration section */
		EDA1F8912B88DBB40087E2E6 /* Debug */ = {
			isa = XCBuildConfiguration;
			buildSettings = {
				ALWAYS_SEARCH_USER_PATHS = NO;
				ASSETCATALOG_COMPILER_GENERATE_SWIFT_ASSET_SYMBOL_EXTENSIONS = YES;
				CLANG_ANALYZER_NONNULL = YES;
				CLANG_ANALYZER_NUMBER_OBJECT_CONVERSION = YES_AGGRESSIVE;
				CLANG_CXX_LANGUAGE_STANDARD = "gnu++20";
				CLANG_ENABLE_MODULES = YES;
				CLANG_ENABLE_OBJC_ARC = YES;
				CLANG_ENABLE_OBJC_WEAK = YES;
				CLANG_WARN_BLOCK_CAPTURE_AUTORELEASING = YES;
				CLANG_WARN_BOOL_CONVERSION = YES;
				CLANG_WARN_COMMA = YES;
				CLANG_WARN_CONSTANT_CONVERSION = YES;
				CLANG_WARN_DEPRECATED_OBJC_IMPLEMENTATIONS = YES;
				CLANG_WARN_DIRECT_OBJC_ISA_USAGE = YES_ERROR;
				CLANG_WARN_DOCUMENTATION_COMMENTS = YES;
				CLANG_WARN_EMPTY_BODY = YES;
				CLANG_WARN_ENUM_CONVERSION = YES;
				CLANG_WARN_INFINITE_RECURSION = YES;
				CLANG_WARN_INT_CONVERSION = YES;
				CLANG_WARN_NON_LITERAL_NULL_CONVERSION = YES;
				CLANG_WARN_OBJC_IMPLICIT_RETAIN_SELF = YES;
				CLANG_WARN_OBJC_LITERAL_CONVERSION = YES;
				CLANG_WARN_OBJC_ROOT_CLASS = YES_ERROR;
				CLANG_WARN_QUOTED_INCLUDE_IN_FRAMEWORK_HEADER = YES;
				CLANG_WARN_RANGE_LOOP_ANALYSIS = YES;
				CLANG_WARN_STRICT_PROTOTYPES = YES;
				CLANG_WARN_SUSPICIOUS_MOVE = YES;
				CLANG_WARN_UNGUARDED_AVAILABILITY = YES_AGGRESSIVE;
				CLANG_WARN_UNREACHABLE_CODE = YES;
				CLANG_WARN__DUPLICATE_METHOD_MATCH = YES;
				COPY_PHASE_STRIP = NO;
				DEBUG_INFORMATION_FORMAT = dwarf;
				ENABLE_STRICT_OBJC_MSGSEND = YES;
				ENABLE_TESTABILITY = YES;
				ENABLE_USER_SCRIPT_SANDBOXING = YES;
				GCC_C_LANGUAGE_STANDARD = gnu17;
				GCC_DYNAMIC_NO_PIC = NO;
				GCC_NO_COMMON_BLOCKS = YES;
				GCC_OPTIMIZATION_LEVEL = 0;
				GCC_PREPROCESSOR_DEFINITIONS = (
					"DEBUG=1",
					"$(inherited)",
				);
				GCC_WARN_64_TO_32_BIT_CONVERSION = YES;
				GCC_WARN_ABOUT_RETURN_TYPE = YES_ERROR;
				GCC_WARN_UNDECLARED_SELECTOR = YES;
				GCC_WARN_UNINITIALIZED_AUTOS = YES_AGGRESSIVE;
				GCC_WARN_UNUSED_FUNCTION = YES;
				GCC_WARN_UNUSED_VARIABLE = YES;
				IPHONEOS_DEPLOYMENT_TARGET = 17.2;
				LOCALIZATION_PREFERS_STRING_CATALOGS = YES;
				MTL_ENABLE_DEBUG_INFO = INCLUDE_SOURCE;
				MTL_FAST_MATH = YES;
				ONLY_ACTIVE_ARCH = YES;
				SDKROOT = iphoneos;
				SWIFT_ACTIVE_COMPILATION_CONDITIONS = "DEBUG $(inherited)";
				SWIFT_OPTIMIZATION_LEVEL = "-Onone";
			};
			name = Debug;
		};
		EDA1F8922B88DBB40087E2E6 /* Release */ = {
			isa = XCBuildConfiguration;
			buildSettings = {
				ALWAYS_SEARCH_USER_PATHS = NO;
				ASSETCATALOG_COMPILER_GENERATE_SWIFT_ASSET_SYMBOL_EXTENSIONS = YES;
				CLANG_ANALYZER_NONNULL = YES;
				CLANG_ANALYZER_NUMBER_OBJECT_CONVERSION = YES_AGGRESSIVE;
				CLANG_CXX_LANGUAGE_STANDARD = "gnu++20";
				CLANG_ENABLE_MODULES = YES;
				CLANG_ENABLE_OBJC_ARC = YES;
				CLANG_ENABLE_OBJC_WEAK = YES;
				CLANG_WARN_BLOCK_CAPTURE_AUTORELEASING = YES;
				CLANG_WARN_BOOL_CONVERSION = YES;
				CLANG_WARN_COMMA = YES;
				CLANG_WARN_CONSTANT_CONVERSION = YES;
				CLANG_WARN_DEPRECATED_OBJC_IMPLEMENTATIONS = YES;
				CLANG_WARN_DIRECT_OBJC_ISA_USAGE = YES_ERROR;
				CLANG_WARN_DOCUMENTATION_COMMENTS = YES;
				CLANG_WARN_EMPTY_BODY = YES;
				CLANG_WARN_ENUM_CONVERSION = YES;
				CLANG_WARN_INFINITE_RECURSION = YES;
				CLANG_WARN_INT_CONVERSION = YES;
				CLANG_WARN_NON_LITERAL_NULL_CONVERSION = YES;
				CLANG_WARN_OBJC_IMPLICIT_RETAIN_SELF = YES;
				CLANG_WARN_OBJC_LITERAL_CONVERSION = YES;
				CLANG_WARN_OBJC_ROOT_CLASS = YES_ERROR;
				CLANG_WARN_QUOTED_INCLUDE_IN_FRAMEWORK_HEADER = YES;
				CLANG_WARN_RANGE_LOOP_ANALYSIS = YES;
				CLANG_WARN_STRICT_PROTOTYPES = YES;
				CLANG_WARN_SUSPICIOUS_MOVE = YES;
				CLANG_WARN_UNGUARDED_AVAILABILITY = YES_AGGRESSIVE;
				CLANG_WARN_UNREACHABLE_CODE = YES;
				CLANG_WARN__DUPLICATE_METHOD_MATCH = YES;
				COPY_PHASE_STRIP = NO;
				DEBUG_INFORMATION_FORMAT = "dwarf-with-dsym";
				ENABLE_NS_ASSERTIONS = NO;
				ENABLE_STRICT_OBJC_MSGSEND = YES;
				ENABLE_USER_SCRIPT_SANDBOXING = YES;
				GCC_C_LANGUAGE_STANDARD = gnu17;
				GCC_NO_COMMON_BLOCKS = YES;
				GCC_WARN_64_TO_32_BIT_CONVERSION = YES;
				GCC_WARN_ABOUT_RETURN_TYPE = YES_ERROR;
				GCC_WARN_UNDECLARED_SELECTOR = YES;
				GCC_WARN_UNINITIALIZED_AUTOS = YES_AGGRESSIVE;
				GCC_WARN_UNUSED_FUNCTION = YES;
				GCC_WARN_UNUSED_VARIABLE = YES;
				IPHONEOS_DEPLOYMENT_TARGET = 17.2;
				LOCALIZATION_PREFERS_STRING_CATALOGS = YES;
				MTL_ENABLE_DEBUG_INFO = NO;
				MTL_FAST_MATH = YES;
				SDKROOT = iphoneos;
				SWIFT_COMPILATION_MODE = wholemodule;
				VALIDATE_PRODUCT = YES;
			};
			name = Release;
		};
		EDA1F8942B88DBB40087E2E6 /* Debug */ = {
			isa = XCBuildConfiguration;
			buildSettings = {
				ASSETCATALOG_COMPILER_APPICON_NAME = AppIcon;
				ASSETCATALOG_COMPILER_GLOBAL_ACCENT_COLOR_NAME = AccentColor;
				CODE_SIGN_STYLE = Automatic;
				CURRENT_PROJECT_VERSION = 1;
				DEVELOPMENT_ASSET_PATHS = "\"flirtopia/Preview Content\"";
				DEVELOPMENT_TEAM = K6C5P3CXYZ;
				ENABLE_PREVIEWS = YES;
				GENERATE_INFOPLIST_FILE = YES;
				INFOPLIST_KEY_UIApplicationSceneManifest_Generation = YES;
				INFOPLIST_KEY_UIApplicationSupportsIndirectInputEvents = YES;
				INFOPLIST_KEY_UILaunchScreen_Generation = YES;
				INFOPLIST_KEY_UISupportedInterfaceOrientations_iPad = "UIInterfaceOrientationPortrait UIInterfaceOrientationPortraitUpsideDown UIInterfaceOrientationLandscapeLeft UIInterfaceOrientationLandscapeRight";
				INFOPLIST_KEY_UISupportedInterfaceOrientations_iPhone = "UIInterfaceOrientationPortrait UIInterfaceOrientationLandscapeLeft UIInterfaceOrientationLandscapeRight";
				LD_RUNPATH_SEARCH_PATHS = (
					"$(inherited)",
					"@executable_path/Frameworks",
				);
				MARKETING_VERSION = 1.0;
				PRODUCT_BUNDLE_IDENTIFIER = com.example.flirtopia;
				PRODUCT_NAME = "$(TARGET_NAME)";
				SWIFT_EMIT_LOC_STRINGS = YES;
				SWIFT_VERSION = 5.0;
				TARGETED_DEVICE_FAMILY = "1,2";
			};
			name = Debug;
		};
		EDA1F8952B88DBB40087E2E6 /* Release */ = {
			isa = XCBuildConfiguration;
			buildSettings = {
				ASSETCATALOG_COMPILER_APPICON_NAME = AppIcon;
				ASSETCATALOG_COMPILER_GLOBAL_ACCENT_COLOR_NAME = AccentColor;
				CODE_SIGN_STYLE = Automatic;
				CURRENT_PROJECT_VERSION = 1;
				DEVELOPMENT_ASSET_PATHS = "\"flirtopia/Preview Content\"";
				DEVELOPMENT_TEAM = K6C5P3CXYZ;
				ENABLE_PREVIEWS = YES;
				GENERATE_INFOPLIST_FILE = YES;
				INFOPLIST_KEY_UIApplicationSceneManifest_Generation = YES;
				INFOPLIST_KEY_UIApplicationSupportsIndirectInputEvents = YES;
				INFOPLIST_KEY_UILaunchScreen_Generation = YES;
				INFOPLIST_KEY_UISupportedInterfaceOrientations_iPad = "UIInterfaceOrientationPortrait UIInterfaceOrientationPortraitUpsideDown UIInterfaceOrientationLandscapeLeft UIInterfaceOrientationLandscapeRight";
				INFOPLIST_KEY_UISupportedInterfaceOrientations_iPhone = "UIInterfaceOrientationPortrait UIInterfaceOrientationLandscapeLeft UIInterfaceOrientationLandscapeRight";
				LD_RUNPATH_SEARCH_PATHS = (
					"$(inherited)",
					"@executable_path/Frameworks",
				);
				MARKETING_VERSION = 1.0;
				PRODUCT_BUNDLE_IDENTIFIER = com.example.flirtopia;
				PRODUCT_NAME = "$(TARGET_NAME)";
				SWIFT_EMIT_LOC_STRINGS = YES;
				SWIFT_VERSION = 5.0;
				TARGETED_DEVICE_FAMILY = "1,2";
			};
			name = Release;
		};
/* End XCBuildConfiguration section */

/* Begin XCConfigurationList section */
		EDA1F8802B88DBB30087E2E6 /* Build configuration list for PBXProject "flirtopia" */ = {
			isa = XCConfigurationList;
			buildConfigurations = (
				EDA1F8912B88DBB40087E2E6 /* Debug */,
				EDA1F8922B88DBB40087E2E6 /* Release */,
			);
			defaultConfigurationIsVisible = 0;
			defaultConfigurationName = Release;
		};
		EDA1F8932B88DBB40087E2E6 /* Build configuration list for PBXNativeTarget "flirtopia" */ = {
			isa = XCConfigurationList;
			buildConfigurations = (
				EDA1F8942B88DBB40087E2E6 /* Debug */,
				EDA1F8952B88DBB40087E2E6 /* Release */,
			);
			defaultConfigurationIsVisible = 0;
			defaultConfigurationName = Release;
		};
/* End XCConfigurationList section */
	};
	rootObject = EDA1F87D2B88DBB30087E2E6 /* Project object */;
}
